
Microsoft Visual Studio Solution File, Format Version 12.00
# Visual Studio 14
VisualStudioVersion = 14.0.23107.0
MinimumVisualStudioVersion = 10.0.40219.1
Project("{FAE04EC0-301F-11D3-BF4B-00C04F79EFBC}") = "Aula_30_04", "Aula_30_04\Aula_30_04.csproj", "{E9922A74-6BBD-469C-AAD8-68F94EDCF6F7}"
EndProject
Global
	GlobalSection(SolutionConfigurationPlatforms) = preSolution
		Debug|Any CPU = Debug|Any CPU
		Release|Any CPU = Release|Any CPU
	EndGlobalSection
	GlobalSection(ProjectConfigurationPlatforms) = postSolution
		{E9922A74-6BBD-469C-AAD8-68F94EDCF6F7}.Debug|Any CPU.ActiveCfg = Debug|Any CPU
		{E9922A74-6BBD-469C-AAD8-68F94EDCF6F7}.Debug|Any CPU.Build.0 = Debug|Any CPU
		{E9922A74-6BBD-469C-AAD8-68F94EDCF6F7}.Release|Any CPU.ActiveCfg = Release|Any CPU
		{E9922A74-6BBD-469C-AAD8-68F94EDCF6F7}.Release|Any CPU.Build.0 = Release|Any CPU
	EndGlobalSection
	GlobalSection(SolutionProperties) = preSolution
		HideSolutionNode = FALSE
	EndGlobalSection
EndGlobal
