
Microsoft Visual Studio Solution File, Format Version 12.00
# Visual Studio 14
VisualStudioVersion = 14.0.25420.1
MinimumVisualStudioVersion = 10.0.40219.1
Project("{FAE04EC0-301F-11D3-BF4B-00C04F79EFBC}") = "View", "View\View.csproj", "{DE91C178-27AA-4CF2-B62E-E48B50A35D78}"
EndProject
Project("{FAE04EC0-301F-11D3-BF4B-00C04F79EFBC}") = "Model", "Model\Model.csproj", "{69CB8F45-7544-4B8D-8AE7-7099CA4E9241}"
EndProject
Global
	GlobalSection(SolutionConfigurationPlatforms) = preSolution
		Debug|Any CPU = Debug|Any CPU
		Release|Any CPU = Release|Any CPU
	EndGlobalSection
	GlobalSection(ProjectConfigurationPlatforms) = postSolution
		{DE91C178-27AA-4CF2-B62E-E48B50A35D78}.Debug|Any CPU.ActiveCfg = Debug|Any CPU
		{DE91C178-27AA-4CF2-B62E-E48B50A35D78}.Debug|Any CPU.Build.0 = Debug|Any CPU
		{DE91C178-27AA-4CF2-B62E-E48B50A35D78}.Release|Any CPU.ActiveCfg = Release|Any CPU
		{DE91C178-27AA-4CF2-B62E-E48B50A35D78}.Release|Any CPU.Build.0 = Release|Any CPU
		{69CB8F45-7544-4B8D-8AE7-7099CA4E9241}.Debug|Any CPU.ActiveCfg = Debug|Any CPU
		{69CB8F45-7544-4B8D-8AE7-7099CA4E9241}.Debug|Any CPU.Build.0 = Debug|Any CPU
		{69CB8F45-7544-4B8D-8AE7-7099CA4E9241}.Release|Any CPU.ActiveCfg = Release|Any CPU
		{69CB8F45-7544-4B8D-8AE7-7099CA4E9241}.Release|Any CPU.Build.0 = Release|Any CPU
	EndGlobalSection
	GlobalSection(SolutionProperties) = preSolution
		HideSolutionNode = FALSE
	EndGlobalSection
EndGlobal
